
Microsoft Visual Studio Solution File, Format Version 12.00
# Visual Studio Version 16
VisualStudioVersion = 16.0.31205.134
MinimumVisualStudioVersion = 10.0.40219.1
Project("{FAE04EC0-301F-11D3-BF4B-00C04F79EFBC}") = "GraphQL_HotChoclate_EFCore", "GraphQL_HotChoclate_EFCore\GraphQL_HotChoclate_EFCore.csproj", "{34CC6762-22AE-4C70-BC2A-3A9D7D57C0DC}"
EndProject
Global
	GlobalSection(SolutionConfigurationPlatforms) = preSolution
		Debug|Any CPU = Debug|Any CPU
		Release|Any CPU = Release|Any CPU
	EndGlobalSection
	GlobalSection(ProjectConfigurationPlatforms) = postSolution
		{34CC6762-22AE-4C70-BC2A-3A9D7D57C0DC}.Debug|Any CPU.ActiveCfg = Debug|Any CPU
		{34CC6762-22AE-4C70-BC2A-3A9D7D57C0DC}.Debug|Any CPU.Build.0 = Debug|Any CPU
		{34CC6762-22AE-4C70-BC2A-3A9D7D57C0DC}.Release|Any CPU.ActiveCfg = Release|Any CPU
		{34CC6762-22AE-4C70-BC2A-3A9D7D57C0DC}.Release|Any CPU.Build.0 = Release|Any CPU
	EndGlobalSection
	GlobalSection(SolutionProperties) = preSolution
		HideSolutionNode = FALSE
	EndGlobalSection
	GlobalSection(ExtensibilityGlobals) = postSolution
		SolutionGuid = {B6CD68E3-85FD-44EE-808F-A17AB1432FF4}
	EndGlobalSection
EndGlobal
